
Microsoft Visual Studio Solution File, Format Version 12.00
# Visual Studio 2012
Project("{FAE04EC0-301F-11D3-BF4B-00C04F79EFBC}") = "Oosaki.Msil", "Oosaki.Msil\Oosaki.Msil.csproj", "{A6CC8572-8AC6-48D8-94A9-542F62BF4946}"
EndProject
Project("{FAE04EC0-301F-11D3-BF4B-00C04F79EFBC}") = "Oosaki.Msil.Samples", "Oosaki.Msil.Samples\Oosaki.Msil.Samples.csproj", "{F9C966FE-7326-4882-81D4-12FD1C63EC3C}"
EndProject
Project("{2150E333-8FDC-42A3-9474-1A3956D46DE8}") = ".nuget", ".nuget", "{360F34D9-F6B5-4D71-A5BB-BE356B7C7494}"
	ProjectSection(SolutionItems) = preProject
		.nuget\packages.config = .nuget\packages.config
	EndProjectSection
EndProject
Project("{FAE04EC0-301F-11D3-BF4B-00C04F79EFBC}") = "Oosaki.Msil.Tests", "Oosaki.Msil.Tests\Oosaki.Msil.Tests.csproj", "{B295B266-A041-486C-88C9-CC61C5FB81DD}"
EndProject
Global
	GlobalSection(SolutionConfigurationPlatforms) = preSolution
		Debug|Any CPU = Debug|Any CPU
		Release|Any CPU = Release|Any CPU
	EndGlobalSection
	GlobalSection(ProjectConfigurationPlatforms) = postSolution
		{A6CC8572-8AC6-48D8-94A9-542F62BF4946}.Debug|Any CPU.ActiveCfg = Debug|Any CPU
		{A6CC8572-8AC6-48D8-94A9-542F62BF4946}.Debug|Any CPU.Build.0 = Debug|Any CPU
		{A6CC8572-8AC6-48D8-94A9-542F62BF4946}.Release|Any CPU.ActiveCfg = Release|Any CPU
		{A6CC8572-8AC6-48D8-94A9-542F62BF4946}.Release|Any CPU.Build.0 = Release|Any CPU
		{F9C966FE-7326-4882-81D4-12FD1C63EC3C}.Debug|Any CPU.ActiveCfg = Debug|Any CPU
		{F9C966FE-7326-4882-81D4-12FD1C63EC3C}.Debug|Any CPU.Build.0 = Debug|Any CPU
		{F9C966FE-7326-4882-81D4-12FD1C63EC3C}.Release|Any CPU.ActiveCfg = Release|Any CPU
		{F9C966FE-7326-4882-81D4-12FD1C63EC3C}.Release|Any CPU.Build.0 = Release|Any CPU
		{B295B266-A041-486C-88C9-CC61C5FB81DD}.Debug|Any CPU.ActiveCfg = Debug|Any CPU
		{B295B266-A041-486C-88C9-CC61C5FB81DD}.Debug|Any CPU.Build.0 = Debug|Any CPU
		{B295B266-A041-486C-88C9-CC61C5FB81DD}.Release|Any CPU.ActiveCfg = Release|Any CPU
		{B295B266-A041-486C-88C9-CC61C5FB81DD}.Release|Any CPU.Build.0 = Release|Any CPU
	EndGlobalSection
	GlobalSection(SolutionProperties) = preSolution
		HideSolutionNode = FALSE
	EndGlobalSection
EndGlobal
